
Microsoft Visual Studio Solution File, Format Version 12.00
# Visual Studio Version 17
VisualStudioVersion = 17.7.34202.233
MinimumVisualStudioVersion = 10.0.40219.1
Project("{FAE04EC0-301F-11D3-BF4B-00C04F79EFBC}") = "WebAppSecretsTest", "WebAppSecretsTest\WebAppSecretsTest.csproj", "{976334C8-49C2-41F1-A9E9-71494BA64CDC}"
EndProject
Global
	GlobalSection(SolutionConfigurationPlatforms) = preSolution
		Debug|Any CPU = Debug|Any CPU
		Release|Any CPU = Release|Any CPU
	EndGlobalSection
	GlobalSection(ProjectConfigurationPlatforms) = postSolution
		{976334C8-49C2-41F1-A9E9-71494BA64CDC}.Debug|Any CPU.ActiveCfg = Debug|Any CPU
		{976334C8-49C2-41F1-A9E9-71494BA64CDC}.Debug|Any CPU.Build.0 = Debug|Any CPU
		{976334C8-49C2-41F1-A9E9-71494BA64CDC}.Release|Any CPU.ActiveCfg = Release|Any CPU
		{976334C8-49C2-41F1-A9E9-71494BA64CDC}.Release|Any CPU.Build.0 = Release|Any CPU
	EndGlobalSection
	GlobalSection(SolutionProperties) = preSolution
		HideSolutionNode = FALSE
	EndGlobalSection
	GlobalSection(ExtensibilityGlobals) = postSolution
		SolutionGuid = {B9ACEBFB-26A5-47E9-AB0D-1E5F5111AF80}
	EndGlobalSection
EndGlobal
